
Microsoft Visual Studio Solution File, Format Version 12.00
# Visual Studio Version 17
VisualStudioVersion = 17.1.32210.238
MinimumVisualStudioVersion = 10.0.40219.1
Project("{9A19103F-16F7-4668-BE54-9A1E7A4F7556}") = "ValuesAPI", "ValuesAPI.csproj", "{4378DB8A-89A8-4C46-BB65-A350EDBEF1A1}"
EndProject
Global
	GlobalSection(SolutionConfigurationPlatforms) = preSolution
		Debug|Any CPU = Debug|Any CPU
		Release|Any CPU = Release|Any CPU
	EndGlobalSection
	GlobalSection(ProjectConfigurationPlatforms) = postSolution
		{4378DB8A-89A8-4C46-BB65-A350EDBEF1A1}.Debug|Any CPU.ActiveCfg = Debug|Any CPU
		{4378DB8A-89A8-4C46-BB65-A350EDBEF1A1}.Debug|Any CPU.Build.0 = Debug|Any CPU
		{4378DB8A-89A8-4C46-BB65-A350EDBEF1A1}.Release|Any CPU.ActiveCfg = Release|Any CPU
		{4378DB8A-89A8-4C46-BB65-A350EDBEF1A1}.Release|Any CPU.Build.0 = Release|Any CPU
	EndGlobalSection
	GlobalSection(SolutionProperties) = preSolution
		HideSolutionNode = FALSE
	EndGlobalSection
	GlobalSection(ExtensibilityGlobals) = postSolution
		SolutionGuid = {A7D5453F-0C1E-44FF-964C-78E176F05D30}
	EndGlobalSection
EndGlobal
